
Microsoft Visual Studio Solution File, Format Version 12.00
# Visual Studio Version 16
VisualStudioVersion = 16.0.810.22
MinimumVisualStudioVersion = 10.0.40219.1
Project("{FAE04EC0-301F-11D3-BF4B-00C04F79EFBC}") = "Encapsulation", "Encapsulation.csproj", "{760D5E01-D38E-48EA-8CBF-804C54FAFBE5}"
EndProject
Global
	GlobalSection(SolutionConfigurationPlatforms) = preSolution
		Debug|Any CPU = Debug|Any CPU
		Release|Any CPU = Release|Any CPU
	EndGlobalSection
	GlobalSection(ProjectConfigurationPlatforms) = postSolution
		{760D5E01-D38E-48EA-8CBF-804C54FAFBE5}.Debug|Any CPU.ActiveCfg = Debug|Any CPU
		{760D5E01-D38E-48EA-8CBF-804C54FAFBE5}.Debug|Any CPU.Build.0 = Debug|Any CPU
		{760D5E01-D38E-48EA-8CBF-804C54FAFBE5}.Release|Any CPU.ActiveCfg = Release|Any CPU
		{760D5E01-D38E-48EA-8CBF-804C54FAFBE5}.Release|Any CPU.Build.0 = Release|Any CPU
	EndGlobalSection
	GlobalSection(SolutionProperties) = preSolution
		HideSolutionNode = FALSE
	EndGlobalSection
	GlobalSection(ExtensibilityGlobals) = postSolution
		SolutionGuid = {3EDCB29F-4516-4A24-BD3F-3FC3C9BA8BA2}
	EndGlobalSection
EndGlobal
